distribution: atlas.example.search-meilisearch@2026.09
core: 0.1.0
plugins:
  atlas.standard-catalog@0.1.0:
    backend:
      package: atlas-plugin-standard-catalog
      version: 0.1.0
    frontend:
      package: '@atlas/plugin-standard-catalog'
      version: 0.1.0
  atlas.apis@0.1.0:
    backend:
      package: atlas-plugin-apis
      version: 0.1.0
    frontend:
      package: '@atlas/plugin-apis'
      version: 0.1.0
  atlas.c4@0.1.0:
    backend:
      package: atlas-plugin-c4
      version: 0.1.0
    frontend:
      package: '@atlas/plugin-c4'
      version: 0.1.0
  atlas.database-schema@0.1.0:
    backend:
      package: atlas-plugin-database-schema
      version: 0.1.0
    frontend:
      package: '@atlas/plugin-database-schema'
      version: 0.1.0
  atlas.ingestion@0.1.0:
    backend:
      package: atlas-plugin-ingestion
      version: 0.1.0
  atlas.flows@0.1.0:
    backend:
      package: atlas-plugin-flows
      version: 0.1.0
    frontend:
      package: '@atlas/plugin-flows'
      version: 0.1.0
  atlas.mcp@0.1.0:
    backend:
      package: atlas-plugin-mcp
      version: 0.1.0
  atlas.search-meilisearch@0.1.0:
    backend:
      package: atlas-plugin-search-meilisearch
      version: 0.1.0
  atlas.search@0.1.0:
    backend:
      package: atlas-plugin-search
      version: 0.1.0
    frontend:
      package: '@atlas/plugin-search'
      version: 0.1.0
auth:
  providers:
  - id: atlas.auth.local
    owner: atlas.catalog
    contractVersion: atlas.auth.providers.v1
    flowKind: credentials
    remoteLogout: unsupported
    presentation:
      displayName: Username and password
      credentialFields:
      - id: username
        label: Username
        kind: text
        autocomplete: username
      - id: password
        label: Password
        kind: secret
        autocomplete: current-password
    signup: disabled
    principalProvisioning: preprovisioned
    actorProvisioning: manual
    profileFields: []
    groupSync:
      mode: none
      snapshotRequirement: unsupported
      maxAgeSeconds: 28800
      mappings: {}
    restrictedAttributes: []
  default: atlas.auth.local
  sessionMaxAgeSeconds: 28800
  publicOrigin: http://localhost:8000
  trustedProxyAddresses: []
  adminPassword:
    mode: disabled
    principalIds: []
  outboundTrust:
    allowedDestinations: []
    allowDevelopmentHttp: false
  passwordPolicy:
    minimumLength: 15
    maximumLength: 128
    rejectCommon: true
    rejectUserSimilarity: true
  recovery:
    mode: operator-managed
    verifiedAddressesRequired: true
    tokenMaxAgeSeconds: 3600
services:
  atlas.search-meilisearch/meilisearch:
    plugin: atlas.search-meilisearch
    id: meilisearch
    image: getmeili/meilisearch:v1.12
    port: 7700
    healthCheck:
    - curl
    - -fsS
    - http://localhost:7700/health
    addressKey: url
    secretKey: key
    secretEnv: MEILI_MASTER_KEY
    secretFromEnv: ATLAS_SERVICE_MEILISEARCH_KEY
    dataPath: /meili_data
