distribution: atlas.default@2026.09
core: 0.1.0
plugins:
  atlas.standard-catalog@0.1.0:
    backend:
      package: atlas-plugin-standard-catalog
      version: 0.1.0
      hash: sha256:7f2ea1dd71a866e9054e16fe9f9685648349b03a014731625db8879255deab11
    frontend:
      package: '@atlas/plugin-standard-catalog'
      version: 0.1.0
      integrity: sha512-+aKufhifGchxpZ4sYcLjhmv/UtCRQaYxWdj2R12rFLsX5CkkwRlll46BQMV0YnoChXmqjqSBdvNFas7WndielQ==
  atlas.apis@0.1.0:
    backend:
      package: atlas-plugin-apis
      version: 0.1.0
      hash: sha256:b61db6efd681b5e2262b65a213444a4c04e7e9924c3dc4d69da0cdd389a45755
    frontend:
      package: '@atlas/plugin-apis'
      version: 0.1.0
      integrity: sha512-8zbr0LsT2hCOKzxvqfZm9TYDWQqgRX892kdTUbdgYsFKrQAaNFWT0AHnskjYQsiRWN6o7zesHNt/LrshnGwNtg==
  atlas.c4@0.1.0:
    backend:
      package: atlas-plugin-c4
      version: 0.1.0
      hash: sha256:5a306856a78dca70b3878a91670ca589cd1f1db61a1907bf6b13b7a3162f349a
    frontend:
      package: '@atlas/plugin-c4'
      version: 0.1.0
      integrity: sha512-uuEAFy9nwer1GZcuwxeUwBQBteN0s+eXsYuFR+3R5TMGlhWsUILxXfKbGyeGVZbUFyiSlGsFcqh+7B6mJ9NEFQ==
  atlas.database-schema@0.1.0:
    backend:
      package: atlas-plugin-database-schema
      version: 0.1.0
      hash: sha256:806ca11492dfce97d75c97e6e711c277f24c716079654a986e0271106a91b5ad
    frontend:
      package: '@atlas/plugin-database-schema'
      version: 0.1.0
      integrity: sha512-OyFMOvdI+iNI7J+am/k2KMpLxw1DvHkpxVuWwpepowRKbMW1Pj6iLD9v06XHBzsKWAvUU27JRgXCS4FY28aqHw==
  atlas.ingestion@0.1.0:
    backend:
      package: atlas-plugin-ingestion
      version: 0.1.0
      hash: sha256:de8c4d16fb7f4f55b19d7d2760905c5d2c1feb3035f7299b93e8b86b2d0b4c3c
  atlas.flows@0.1.0:
    backend:
      package: atlas-plugin-flows
      version: 0.1.0
      hash: sha256:b8780e4906dac0e8a5f82017d1bca8a0d549e719037ddacf61a37d9f02d412ec
    frontend:
      package: '@atlas/plugin-flows'
      version: 0.1.0
      integrity: sha512-DTsoCSo0owMdL5JGqiSLDSXWoJZ2qJQddsXF4w+6a1TndmzNXf9ppCsfIWMUYSjuVo/Z61dpR0jfqV46TjfQ9Q==
  atlas.mcp@0.1.0:
    backend:
      package: atlas-plugin-mcp
      version: 0.1.0
      hash: sha256:7057c7942407b5585003f285b3c04deeb71a42920c2fa3cf44c70c83274c766c
  atlas.search-postgres@0.1.0:
    backend:
      package: atlas-plugin-search-postgres
      version: 0.1.0
      hash: sha256:c4a46054eaaeea6bbda9783a989d188190b646457b2900358e6ed9902e85a655
  atlas.search@0.1.0:
    backend:
      package: atlas-plugin-search
      version: 0.1.0
      hash: sha256:c07ac7ee39015371c9facddf57a41b542ee2bf76e560b96cc063a7cc60f3196c
    frontend:
      package: '@atlas/plugin-search'
      version: 0.1.0
      integrity: sha512-BMJy/wS3eH8yyy1uOXxgNA3rEfI50rl3T8L2+WduczNij32DkoY/NoH+x6nN9RqBW1J3RK8UhzpHDaAx3vBa3A==
auth:
  providers:
  - id: atlas.auth.local
    owner: atlas.catalog
    contractVersion: atlas.auth.providers.v1
    flowKind: credentials
    remoteLogout: unsupported
    presentation:
      displayName: Username and password
      credentialFields:
      - id: username
        label: Username
        kind: text
        autocomplete: username
      - id: password
        label: Password
        kind: secret
        autocomplete: current-password
    signup: disabled
    principalProvisioning: preprovisioned
    actorProvisioning: manual
    profileFields: []
    groupSync:
      mode: none
      snapshotRequirement: unsupported
      maxAgeSeconds: 28800
      mappings: {}
    restrictedAttributes: []
  default: atlas.auth.local
  sessionMaxAgeSeconds: 28800
  publicOrigin: http://localhost:8000
  trustedProxyAddresses: []
  adminPassword:
    mode: disabled
    principalIds: []
  outboundTrust:
    allowedDestinations: []
    allowDevelopmentHttp: false
  passwordPolicy:
    minimumLength: 15
    maximumLength: 128
    rejectCommon: true
    rejectUserSimilarity: true
  recovery:
    mode: operator-managed
    verifiedAddressesRequired: true
    tokenMaxAgeSeconds: 3600
