distribution: atlas.example.ingestion.gitea-primary@2026.09
core: 0.1.0
plugins:
  atlas.auth.gitea@0.1.0:
    backend:
      package: atlas-plugin-auth-gitea
      version: 0.1.0
      hash: sha256:c5041eaa8cda6d451e23c8ad0a3888d6ad94ba17f985ee855ecc75f2cdd1a9a9
    config:
      instanceOrigin: http://gitea.localhost:18092
      clientId: generated-by-runtime-bootstrap
      clientSecret:
        fromEnv: GITEA_CLIENT_SECRET
      scopes:
      - read:user
      oauthPkceEnabled: true
      allowedDestinations:
      - http://gitea.localhost:18092
      allowDevelopmentHttp: true
  atlas.standard-catalog@0.1.0:
    backend:
      package: atlas-plugin-standard-catalog
      version: 0.1.0
      hash: sha256:6838e4d6d1c04ac7178fb8624175109ce527122f147c2249e584b22e859121f6
    frontend:
      package: '@atlas/plugin-standard-catalog'
      version: 0.1.0
      integrity: sha512-+aKufhifGchxpZ4sYcLjhmv/UtCRQaYxWdj2R12rFLsX5CkkwRlll46BQMV0YnoChXmqjqSBdvNFas7WndielQ==
  atlas.apis@0.1.0:
    backend:
      package: atlas-plugin-apis
      version: 0.1.0
      hash: sha256:a835130e3d9f84474ca72e89493c87aca69e78b5d98ec9c65619c1400a8d337d
    frontend:
      package: '@atlas/plugin-apis'
      version: 0.1.0
      integrity: sha512-MVYB3ISqfXJNaI7ekRIkUqLxSFyaRooOLBojN/8ftLMm9N3PvQwnkgs/SA+/GTK6wXb4SylGC0gr+4zdlvnheQ==
  atlas.c4@0.1.0:
    backend:
      package: atlas-plugin-c4
      version: 0.1.0
      hash: sha256:2f9c34d1a55a8d100468426fe2ced4e4327392619e2edddcbb8d3613804b69f1
    frontend:
      package: '@atlas/plugin-c4'
      version: 0.1.0
      integrity: sha512-uuEAFy9nwer1GZcuwxeUwBQBteN0s+eXsYuFR+3R5TMGlhWsUILxXfKbGyeGVZbUFyiSlGsFcqh+7B6mJ9NEFQ==
  atlas.database-schema@0.1.0:
    backend:
      package: atlas-plugin-database-schema
      version: 0.1.0
      hash: sha256:3a94efd0e716aa007d63edf29914db11199cc7e83e8cb45a76de56cda79a52a5
    frontend:
      package: '@atlas/plugin-database-schema'
      version: 0.1.0
      integrity: sha512-OyFMOvdI+iNI7J+am/k2KMpLxw1DvHkpxVuWwpepowRKbMW1Pj6iLD9v06XHBzsKWAvUU27JRgXCS4FY28aqHw==
  atlas.ingestion@0.1.0:
    backend:
      package: atlas-plugin-ingestion
      version: 0.1.0
      hash: sha256:8dbc3b8881c0b101ae9e0219aa2acbcc8e4d29817b088384b4dd3866f41599e9
    config:
      sources:
      - id: gitea-primary
        baseUrl: http://gitea.localhost:18092
        authKind: bearer
        credential:
          fromEnv: GITEA_INGESTION_TOKEN
        allowDevelopmentHttp: true
  atlas.flows@0.1.0:
    backend:
      package: atlas-plugin-flows
      version: 0.1.0
      hash: sha256:60779583ac73be6d31a9724a6f6d89aefb837c40818ef9a44fa096ff466fd406
    frontend:
      package: '@atlas/plugin-flows'
      version: 0.1.0
      integrity: sha512-+AlL3mTlCzYNw5X2Facj3YnjtWmWHY06blvk9F7ysGkwpQD4GZbHhbeaQNOc+uq7h4uJV+i6hzx2NZNZ7Rb6uA==
auth:
  providers:
  - id: atlas.auth.gitea
    owner: atlas.auth.gitea
    contractVersion: atlas.auth.providers.v1
    flowKind: redirect
    remoteLogout: unsupported
    presentation:
      displayName: Gitea
      credentialFields: []
    signup: disabled
    principalProvisioning: automatic
    actorProvisioning: automatic
    profileFields:
    - username
    - displayName
    groupSync:
      mode: none
      snapshotRequirement: unsupported
      maxAgeSeconds: 28800
      mappings: {}
    restrictedAttributes: []
    sourceBinding:
      sourceId: http://gitea.localhost:18092
      configurationFingerprint: atlas-example-gitea-1.27.3-v1
  default: atlas.auth.gitea
  sessionMaxAgeSeconds: 28800
  publicOrigin: http://localhost:18090
  trustedProxyAddresses: []
  adminPassword:
    mode: break-glass
    principalIds:
    - 1
  outboundTrust:
    allowedDestinations:
    - http://gitea.localhost:18092
    allowDevelopmentHttp: true
  passwordPolicy:
    minimumLength: 15
    maximumLength: 128
    rejectCommon: true
    rejectUserSimilarity: true
  recovery:
    mode: operator-managed
    verifiedAddressesRequired: true
    tokenMaxAgeSeconds: 3600
